// !$*UTF8*$!
{
	archiveVersion = 1;
	classes = {
	};
	objectVersion = 50;
	objects = {

/* Begin PBXBuildFile section */
		AA407837236927A20098D631 /* CategoryViewController.swift in Sources */ = {isa = PBXBuildFile; fileRef = AA407836236927A20098D631 /* CategoryViewController.swift */; };
		AA4DCBB32368DDA50018DBEB /* Todo.xcdatamodeld in Sources */ = {isa = PBXBuildFile; fileRef = AA4DCBB12368DDA50018DBEB /* Todo.xcdatamodeld */; };
		AA4DCBB52368E6910018DBEB /* PreviousTodoVC.swift in Sources */ = {isa = PBXBuildFile; fileRef = AA4DCBB42368E6910018DBEB /* PreviousTodoVC.swift */; };
		AAAB9F8323637DC300267CF9 /* AppDelegate.swift in Sources */ = {isa = PBXBuildFile; fileRef = AAAB9F8223637DC300267CF9 /* AppDelegate.swift */; };
		AAAB9F8523637DC300267CF9 /* SceneDelegate.swift in Sources */ = {isa = PBXBuildFile; fileRef = AAAB9F8423637DC300267CF9 /* SceneDelegate.swift */; };
		AAAB9F8723637DC300267CF9 /* TodoViewController.swift in Sources */ = {isa = PBXBuildFile; fileRef = AAAB9F8623637DC300267CF9 /* TodoViewController.swift */; };
		AAAB9F8C23637DC400267CF9 /* Assets.xcassets in Resources */ = {isa = PBXBuildFile; fileRef = AAAB9F8B23637DC400267CF9 /* Assets.xcassets */; };
		AAAB9F972363891C00267CF9 /* Main.storyboard in Resources */ = {isa = PBXBuildFile; fileRef = AAAB9F962363891C00267CF9 /* Main.storyboard */; };
		AAFB9E6D23650A460034CBF7 /* TodoModel.swift in Sources */ = {isa = PBXBuildFile; fileRef = AAFB9E6C23650A460034CBF7 /* TodoModel.swift */; };
/* End PBXBuildFile section */

/* Begin PBXFileReference section */
		AA407836236927A20098D631 /* CategoryViewController.swift */ = {isa = PBXFileReference; lastKnownFileType = sourcecode.swift; path = CategoryViewController.swift; sourceTree = "<group>"; };
		AA4DCBB22368DDA50018DBEB /* Todo.xcdatamodel */ = {isa = PBXFileReference; lastKnownFileType = wrapper.xcdatamodel; path = Todo.xcdatamodel; sourceTree = "<group>"; };
		AA4DCBB42368E6910018DBEB /* PreviousTodoVC.swift */ = {isa = PBXFileReference; lastKnownFileType = sourcecode.swift; path = PreviousTodoVC.swift; sourceTree = "<group>"; };
		AAAB9F7F23637DC300267CF9 /* T0D0.app */ = {isa = PBXFileReference; explicitFileType = wrapper.application; includeInIndex = 0; path = T0D0.app; sourceTree = BUILT_PRODUCTS_DIR; };
		AAAB9F8223637DC300267CF9 /* AppDelegate.swift */ = {isa = PBXFileReference; lastKnownFileType = sourcecode.swift; path = AppDelegate.swift; sourceTree = "<group>"; };
		AAAB9F8423637DC300267CF9 /* SceneDelegate.swift */ = {isa = PBXFileReference; lastKnownFileType = sourcecode.swift; path = SceneDelegate.swift; sourceTree = "<group>"; };
		AAAB9F8623637DC300267CF9 /* TodoViewController.swift */ = {isa = PBXFileReference; lastKnownFileType = sourcecode.swift; path = TodoViewController.swift; sourceTree = "<group>"; };
		AAAB9F8B23637DC400267CF9 /* Assets.xcassets */ = {isa = PBXFileReference; lastKnownFileType = folder.assetcatalog; path = Assets.xcassets; sourceTree = "<group>"; };
		AAAB9F9023637DC400267CF9 /* Info.plist */ = {isa = PBXFileReference; lastKnownFileType = text.plist.xml; path = Info.plist; sourceTree = "<group>"; };
		AAAB9F962363891C00267CF9 /* Main.storyboard */ = {isa = PBXFileReference; fileEncoding = 4; lastKnownFileType = file.storyboard; path = Main.storyboard; sourceTree = "<group>"; };
		AAFB9E6C23650A460034CBF7 /* TodoModel.swift */ = {isa = PBXFileReference; lastKnownFileType = sourcecode.swift; path = TodoModel.swift; sourceTree = "<group>"; };
/* End PBXFileReference section */

/* Begin PBXFrameworksBuildPhase section */
		AAAB9F7C23637DC300267CF9 /* Frameworks */ = {
			isa = PBXFrameworksBuildPhase;
			buildActionMask = 2147483647;
			files = (
			);
			runOnlyForDeploymentPostprocessing = 0;
		};
/* End PBXFrameworksBuildPhase section */

/* Begin PBXGroup section */
		AA779C0C23688DD400385193 /* Data Model */ = {
			isa = PBXGroup;
			children = (
				AAFB9E6C23650A460034CBF7 /* TodoModel.swift */,
				AA4DCBB12368DDA50018DBEB /* Todo.xcdatamodeld */,
			);
			path = "Data Model";
			sourceTree = "<group>";
		};
		AA779C0D23688E1900385193 /* Controllers */ = {
			isa = PBXGroup;
			children = (
				AAAB9F8623637DC300267CF9 /* TodoViewController.swift */,
				AA4DCBB42368E6910018DBEB /* PreviousTodoVC.swift */,
				AA407836236927A20098D631 /* CategoryViewController.swift */,
			);
			path = Controllers;
			sourceTree = "<group>";
		};
		AA779C0E23688E3C00385193 /* Supporting Files */ = {
			isa = PBXGroup;
			children = (
				AAAB9F8B23637DC400267CF9 /* Assets.xcassets */,
			);
			path = "Supporting Files";
			sourceTree = "<group>";
		};
		AA779C0F23688E5500385193 /* Views */ = {
			isa = PBXGroup;
			children = (
				AAAB9F962363891C00267CF9 /* Main.storyboard */,
			);
			path = Views;
			sourceTree = "<group>";
		};
		AAAB9F7623637DC300267CF9 = {
			isa = PBXGroup;
			children = (
				AAAB9F8123637DC300267CF9 /* T0D0 */,
				AAAB9F8023637DC300267CF9 /* Products */,
			);
			sourceTree = "<group>";
		};
		AAAB9F8023637DC300267CF9 /* Products */ = {
			isa = PBXGroup;
			children = (
				AAAB9F7F23637DC300267CF9 /* T0D0.app */,
			);
			name = Products;
			sourceTree = "<group>";
		};
		AAAB9F8123637DC300267CF9 /* T0D0 */ = {
			isa = PBXGroup;
			children = (
				AAAB9F9023637DC400267CF9 /* Info.plist */,
				AAAB9F8223637DC300267CF9 /* AppDelegate.swift */,
				AAAB9F8423637DC300267CF9 /* SceneDelegate.swift */,
				AA779C0D23688E1900385193 /* Controllers */,
				AA779C0E23688E3C00385193 /* Supporting Files */,
				AA779C0F23688E5500385193 /* Views */,
				AA779C0C23688DD400385193 /* Data Model */,
			);
			path = T0D0;
			sourceTree = "<group>";
		};
/* End PBXGroup section */

/* Begin PBXNativeTarget section */
		AAAB9F7E23637DC300267CF9 /* T0D0 */ = {
			isa = PBXNativeTarget;
			buildConfigurationList = AAAB9F9323637DC400267CF9 /* Build configuration list for PBXNativeTarget "T0D0" */;
			buildPhases = (
				AAAB9F7B23637DC300267CF9 /* Sources */,
				AAAB9F7C23637DC300267CF9 /* Frameworks */,
				AAAB9F7D23637DC300267CF9 /* Resources */,
			);
			buildRules = (
			);
			dependencies = (
			);
			name = T0D0;
			productName = T0D0;
			productReference = AAAB9F7F23637DC300267CF9 /* T0D0.app */;
			productType = "com.apple.product-type.application";
		};
/* End PBXNativeTarget section */

/* Begin PBXProject section */
		AAAB9F7723637DC300267CF9 /* Project object */ = {
			isa = PBXProject;
			attributes = {
				LastSwiftUpdateCheck = 1110;
				LastUpgradeCheck = 1110;
				ORGANIZATIONNAME = Eslam;
				TargetAttributes = {
					AAAB9F7E23637DC300267CF9 = {
						CreatedOnToolsVersion = 11.1;
					};
				};
			};
			buildConfigurationList = AAAB9F7A23637DC300267CF9 /* Build configuration list for PBXProject "T0D0" */;
			compatibilityVersion = "Xcode 9.3";
			developmentRegion = en;
			hasScannedForEncodings = 0;
			knownRegions = (
				en,
				Base,
			);
			mainGroup = AAAB9F7623637DC300267CF9;
			productRefGroup = AAAB9F8023637DC300267CF9 /* Products */;
			projectDirPath = "";
			projectRoot = "";
			targets = (
				AAAB9F7E23637DC300267CF9 /* T0D0 */,
			);
		};
/* End PBXProject section */

/* Begin PBXResourcesBuildPhase section */
		AAAB9F7D23637DC300267CF9 /* Resources */ = {
			isa = PBXResourcesBuildPhase;
			buildActionMask = 2147483647;
			files = (
				AAAB9F972363891C00267CF9 /* Main.storyboard in Resources */,
				AAAB9F8C23637DC400267CF9 /* Assets.xcassets in Resources */,
			);
			runOnlyForDeploymentPostprocessing = 0;
		};
/* End PBXResourcesBuildPhase section */

/* Begin PBXSourcesBuildPhase section */
		AAAB9F7B23637DC300267CF9 /* Sources */ = {
			isa = PBXSourcesBuildPhase;
			buildActionMask = 2147483647;
			files = (
				AAAB9F8723637DC300267CF9 /* TodoViewController.swift in Sources */,
				AA4DCBB32368DDA50018DBEB /* Todo.xcdatamodeld in Sources */,
				AA407837236927A20098D631 /* CategoryViewController.swift in Sources */,
				AAFB9E6D23650A460034CBF7 /* TodoModel.swift in Sources */,
				AA4DCBB52368E6910018DBEB /* PreviousTodoVC.swift in Sources */,
				AAAB9F8323637DC300267CF9 /* AppDelegate.swift in Sources */,
				AAAB9F8523637DC300267CF9 /* SceneDelegate.swift in Sources */,
			);
			runOnlyForDeploymentPostprocessing = 0;
		};
/* End PBXSourcesBuildPhase section */

/* Begin XCBuildConfiguration section */
		AAAB9F9123637DC400267CF9 /* Debug */ = {
			isa = XCBuildConfiguration;
			buildSettings = {
				ALWAYS_SEARCH_USER_PATHS = NO;
				CLANG_ANALYZER_NONNULL = YES;
				CLANG_ANALYZER_NUMBER_OBJECT_CONVERSION = YES_AGGRESSIVE;
				CLANG_CXX_LANGUAGE_STANDARD = "gnu++14";
				CLANG_CXX_LIBRARY = "libc++";
				CLANG_ENABLE_MODULES = YES;
				CLANG_ENABLE_OBJC_ARC = YES;
				CLANG_ENABLE_OBJC_WEAK = YES;
				CLANG_WARN_BLOCK_CAPTURE_AUTORELEASING = YES;
				CLANG_WARN_BOOL_CONVERSION = YES;
				CLANG_WARN_COMMA = YES;
				CLANG_WARN_CONSTANT_CONVERSION = YES;
				CLANG_WARN_DEPRECATED_OBJC_IMPLEMENTATIONS = YES;
				CLANG_WARN_DIRECT_OBJC_ISA_USAGE = YES_ERROR;
				CLANG_WARN_DOCUMENTATION_COMMENTS = YES;
				CLANG_WARN_EMPTY_BODY = YES;
				CLANG_WARN_ENUM_CONVERSION = YES;
				CLANG_WARN_INFINITE_RECURSION = YES;
				CLANG_WARN_INT_CONVERSION = YES;
				CLANG_WARN_NON_LITERAL_NULL_CONVERSION = YES;
				CLANG_WARN_OBJC_IMPLICIT_RETAIN_SELF = YES;
				CLANG_WARN_OBJC_LITERAL_CONVERSION = YES;
				CLANG_WARN_OBJC_ROOT_CLASS = YES_ERROR;
				CLANG_WARN_RANGE_LOOP_ANALYSIS = YES;
				CLANG_WARN_STRICT_PROTOTYPES = YES;
				CLANG_WARN_SUSPICIOUS_MOVE = YES;
				CLANG_WARN_UNGUARDED_AVAILABILITY = YES_AGGRESSIVE;
				CLANG_WARN_UNREACHABLE_CODE = YES;
				CLANG_WARN__DUPLICATE_METHOD_MATCH = YES;
				COPY_PHASE_STRIP = NO;
				DEBUG_INFORMATION_FORMAT = dwarf;
				ENABLE_STRICT_OBJC_MSGSEND = YES;
				ENABLE_TESTABILITY = YES;
				GCC_C_LANGUAGE_STANDARD = gnu11;
				GCC_DYNAMIC_NO_PIC = NO;
				GCC_NO_COMMON_BLOCKS = YES;
				GCC_OPTIMIZATION_LEVEL = 0;
				GCC_PREPROCESSOR_DEFINITIONS = (
					"DEBUG=1",
					"$(inherited)",
				);
				GCC_WARN_64_TO_32_BIT_CONVERSION = YES;
				GCC_WARN_ABOUT_RETURN_TYPE = YES_ERROR;
				GCC_WARN_UNDECLARED_SELECTOR = YES;
				GCC_WARN_UNINITIALIZED_AUTOS = YES_AGGRESSIVE;
				GCC_WARN_UNUSED_FUNCTION = YES;
				GCC_WARN_UNUSED_VARIABLE = YES;
				IPHONEOS_DEPLOYMENT_TARGET = 13.1;
				MTL_ENABLE_DEBUG_INFO = INCLUDE_SOURCE;
				MTL_FAST_MATH = YES;
				ONLY_ACTIVE_ARCH = YES;
				SDKROOT = iphoneos;
				SWIFT_ACTIVE_COMPILATION_CONDITIONS = DEBUG;
				SWIFT_OPTIMIZATION_LEVEL = "-Onone";
			};
			name = Debug;
		};
		AAAB9F9223637DC400267CF9 /* Release */ = {
			isa = XCBuildConfiguration;
			buildSettings = {
				ALWAYS_SEARCH_USER_PATHS = NO;
				CLANG_ANALYZER_NONNULL = YES;
				CLANG_ANALYZER_NUMBER_OBJECT_CONVERSION = YES_AGGRESSIVE;
				CLANG_CXX_LANGUAGE_STANDARD = "gnu++14";
				CLANG_CXX_LIBRARY = "libc++";
				CLANG_ENABLE_MODULES = YES;
				CLANG_ENABLE_OBJC_ARC = YES;
				CLANG_ENABLE_OBJC_WEAK = YES;
				CLANG_WARN_BLOCK_CAPTURE_AUTORELEASING = YES;
				CLANG_WARN_BOOL_CONVERSION = YES;
				CLANG_WARN_COMMA = YES;
				CLANG_WARN_CONSTANT_CONVERSION = YES;
				CLANG_WARN_DEPRECATED_OBJC_IMPLEMENTATIONS = YES;
				CLANG_WARN_DIRECT_OBJC_ISA_USAGE = YES_ERROR;
				CLANG_WARN_DOCUMENTATION_COMMENTS = YES;
				CLANG_WARN_EMPTY_BODY = YES;
				CLANG_WARN_ENUM_CONVERSION = YES;
				CLANG_WARN_INFINITE_RECURSION = YES;
				CLANG_WARN_INT_CONVERSION = YES;
				CLANG_WARN_NON_LITERAL_NULL_CONVERSION = YES;
				CLANG_WARN_OBJC_IMPLICIT_RETAIN_SELF = YES;
				CLANG_WARN_OBJC_LITERAL_CONVERSION = YES;
				CLANG_WARN_OBJC_ROOT_CLASS = YES_ERROR;
				CLANG_WARN_RANGE_LOOP_ANALYSIS = YES;
				CLANG_WARN_STRICT_PROTOTYPES = YES;
				CLANG_WARN_SUSPICIOUS_MOVE = YES;
				CLANG_WARN_UNGUARDED_AVAILABILITY = YES_AGGRESSIVE;
				CLANG_WARN_UNREACHABLE_CODE = YES;
				CLANG_WARN__DUPLICATE_METHOD_MATCH = YES;
				COPY_PHASE_STRIP = NO;
				DEBUG_INFORMATION_FORMAT = "dwarf-with-dsym";
				ENABLE_NS_ASSERTIONS = NO;
				ENABLE_STRICT_OBJC_MSGSEND = YES;
				GCC_C_LANGUAGE_STANDARD = gnu11;
				GCC_NO_COMMON_BLOCKS = YES;
				GCC_WARN_64_TO_32_BIT_CONVERSION = YES;
				GCC_WARN_ABOUT_RETURN_TYPE = YES_ERROR;
				GCC_WARN_UNDECLARED_SELECTOR = YES;
				GCC_WARN_UNINITIALIZED_AUTOS = YES_AGGRESSIVE;
				GCC_WARN_UNUSED_FUNCTION = YES;
				GCC_WARN_UNUSED_VARIABLE = YES;
				IPHONEOS_DEPLOYMENT_TARGET = 13.1;
				MTL_ENABLE_DEBUG_INFO = NO;
				MTL_FAST_MATH = YES;
				SDKROOT = iphoneos;
				SWIFT_COMPILATION_MODE = wholemodule;
				SWIFT_OPTIMIZATION_LEVEL = "-O";
				VALIDATE_PRODUCT = YES;
			};
			name = Release;
		};
		AAAB9F9423637DC400267CF9 /* Debug */ = {
			isa = XCBuildConfiguration;
			buildSettings = {
				ASSETCATALOG_COMPILER_APPICON_NAME = AppIcon;
				CODE_SIGN_STYLE = Automatic;
				DEVELOPMENT_TEAM = 874WHJ22Z3;
				INFOPLIST_FILE = T0D0/Info.plist;
				LD_RUNPATH_SEARCH_PATHS = (
					"$(inherited)",
					"@executable_path/Frameworks",
				);
				PRODUCT_BUNDLE_IDENTIFIER = lomaboc.com.T0D0;
				PRODUCT_NAME = "$(TARGET_NAME)";
				SWIFT_VERSION = 5.0;
				TARGETED_DEVICE_FAMILY = 1;
			};
			name = Debug;
		};
		AAAB9F9523637DC400267CF9 /* Release */ = {
			isa = XCBuildConfiguration;
			buildSettings = {
				ASSETCATALOG_COMPILER_APPICON_NAME = AppIcon;
				CODE_SIGN_STYLE = Automatic;
				DEVELOPMENT_TEAM = 874WHJ22Z3;
				INFOPLIST_FILE = T0D0/Info.plist;
				LD_RUNPATH_SEARCH_PATHS = (
					"$(inherited)",
					"@executable_path/Frameworks",
				);
				PRODUCT_BUNDLE_IDENTIFIER = lomaboc.com.T0D0;
				PRODUCT_NAME = "$(TARGET_NAME)";
				SWIFT_VERSION = 5.0;
				TARGETED_DEVICE_FAMILY = 1;
			};
			name = Release;
		};
/* End XCBuildConfiguration section */

/* Begin XCConfigurationList section */
		AAAB9F7A23637DC300267CF9 /* Build configuration list for PBXProject "T0D0" */ = {
			isa = XCConfigurationList;
			buildConfigurations = (
				AAAB9F9123637DC400267CF9 /* Debug */,
				AAAB9F9223637DC400267CF9 /* Release */,
			);
			defaultConfigurationIsVisible = 0;
			defaultConfigurationName = Release;
		};
		AAAB9F9323637DC400267CF9 /* Build configuration list for PBXNativeTarget "T0D0" */ = {
			isa = XCConfigurationList;
			buildConfigurations = (
				AAAB9F9423637DC400267CF9 /* Debug */,
				AAAB9F9523637DC400267CF9 /* Release */,
			);
			defaultConfigurationIsVisible = 0;
			defaultConfigurationName = Release;
		};
/* End XCConfigurationList section */

/* Begin XCVersionGroup section */
		AA4DCBB12368DDA50018DBEB /* Todo.xcdatamodeld */ = {
			isa = XCVersionGroup;
			children = (
				AA4DCBB22368DDA50018DBEB /* Todo.xcdatamodel */,
			);
			currentVersion = AA4DCBB22368DDA50018DBEB /* Todo.xcdatamodel */;
			path = Todo.xcdatamodeld;
			sourceTree = "<group>";
			versionGroupType = wrapper.xcdatamodel;
		};
/* End XCVersionGroup section */
	};
	rootObject = AAAB9F7723637DC300267CF9 /* Project object */;
}
