// !$*UTF8*$!
{
	archiveVersion = 1;
	classes = {
	};
	objectVersion = 51;
	objects = {

/* Begin PBXBuildFile section */
		AA407837236927A20098D631 /* CategoryViewController.swift in Sources */ = {isa = PBXBuildFile; fileRef = AA407836236927A20098D631 /* CategoryViewController.swift */; };
		AAAB9F8323637DC300267CF9 /* AppDelegate.swift in Sources */ = {isa = PBXBuildFile; fileRef = AAAB9F8223637DC300267CF9 /* AppDelegate.swift */; };
		AAAB9F8523637DC300267CF9 /* SceneDelegate.swift in Sources */ = {isa = PBXBuildFile; fileRef = AAAB9F8423637DC300267CF9 /* SceneDelegate.swift */; };
		AAAB9F8723637DC300267CF9 /* TodoViewController.swift in Sources */ = {isa = PBXBuildFile; fileRef = AAAB9F8623637DC300267CF9 /* TodoViewController.swift */; };
		AAAB9F8C23637DC400267CF9 /* Assets.xcassets in Resources */ = {isa = PBXBuildFile; fileRef = AAAB9F8B23637DC400267CF9 /* Assets.xcassets */; };
		AAAB9F972363891C00267CF9 /* Main.storyboard in Resources */ = {isa = PBXBuildFile; fileRef = AAAB9F962363891C00267CF9 /* Main.storyboard */; };
		AAC3697423738CAB00A401DD /* Category.swift in Sources */ = {isa = PBXBuildFile; fileRef = AAC3697323738CAB00A401DD /* Category.swift */; };
		AAC3697623738CC000A401DD /* Todo.swift in Sources */ = {isa = PBXBuildFile; fileRef = AAC3697523738CC000A401DD /* Todo.swift */; };
		AAFB9E6D23650A460034CBF7 /* TodoModel.swift in Sources */ = {isa = PBXBuildFile; fileRef = AAFB9E6C23650A460034CBF7 /* TodoModel.swift */; };
		E3299DE2995411414A7A2862 /* Pods_T0D0.framework in Frameworks */ = {isa = PBXBuildFile; fileRef = ED1B0848B3A1C4E9AE9B4035 /* Pods_T0D0.framework */; };
/* End PBXBuildFile section */

/* Begin PBXFileReference section */
		63611EC0C0B3440E32C7ED75 /* Pods-T0D0.debug.xcconfig */ = {isa = PBXFileReference; includeInIndex = 1; lastKnownFileType = text.xcconfig; name = "Pods-T0D0.debug.xcconfig"; path = "Target Support Files/Pods-T0D0/Pods-T0D0.debug.xcconfig"; sourceTree = "<group>"; };
		AA407836236927A20098D631 /* CategoryViewController.swift */ = {isa = PBXFileReference; lastKnownFileType = sourcecode.swift; path = CategoryViewController.swift; sourceTree = "<group>"; };
		AAAB9F7F23637DC300267CF9 /* T0D0.app */ = {isa = PBXFileReference; explicitFileType = wrapper.application; includeInIndex = 0; path = T0D0.app; sourceTree = BUILT_PRODUCTS_DIR; };
		AAAB9F8223637DC300267CF9 /* AppDelegate.swift */ = {isa = PBXFileReference; lastKnownFileType = sourcecode.swift; path = AppDelegate.swift; sourceTree = "<group>"; };
		AAAB9F8423637DC300267CF9 /* SceneDelegate.swift */ = {isa = PBXFileReference; lastKnownFileType = sourcecode.swift; path = SceneDelegate.swift; sourceTree = "<group>"; };
		AAAB9F8623637DC300267CF9 /* TodoViewController.swift */ = {isa = PBXFileReference; lastKnownFileType = sourcecode.swift; path = TodoViewController.swift; sourceTree = "<group>"; };
		AAAB9F8B23637DC400267CF9 /* Assets.xcassets */ = {isa = PBXFileReference; lastKnownFileType = folder.assetcatalog; path = Assets.xcassets; sourceTree = "<group>"; };
		AAAB9F9023637DC400267CF9 /* Info.plist */ = {isa = PBXFileReference; lastKnownFileType = text.plist.xml; path = Info.plist; sourceTree = "<group>"; };
		AAAB9F962363891C00267CF9 /* Main.storyboard */ = {isa = PBXFileReference; fileEncoding = 4; lastKnownFileType = file.storyboard; path = Main.storyboard; sourceTree = "<group>"; };
		AAC3697323738CAB00A401DD /* Category.swift */ = {isa = PBXFileReference; lastKnownFileType = sourcecode.swift; path = Category.swift; sourceTree = "<group>"; };
		AAC3697523738CC000A401DD /* Todo.swift */ = {isa = PBXFileReference; lastKnownFileType = sourcecode.swift; path = Todo.swift; sourceTree = "<group>"; };
		AAFB9E6C23650A460034CBF7 /* TodoModel.swift */ = {isa = PBXFileReference; lastKnownFileType = sourcecode.swift; path = TodoModel.swift; sourceTree = "<group>"; };
		D0BB6F7A1B0ECE3E6E06244A /* Pods-T0D0.release.xcconfig */ = {isa = PBXFileReference; includeInIndex = 1; lastKnownFileType = text.xcconfig; name = "Pods-T0D0.release.xcconfig"; path = "Target Support Files/Pods-T0D0/Pods-T0D0.release.xcconfig"; sourceTree = "<group>"; };
		ED1B0848B3A1C4E9AE9B4035 /* Pods_T0D0.framework */ = {isa = PBXFileReference; explicitFileType = wrapper.framework; includeInIndex = 0; path = Pods_T0D0.framework; sourceTree = BUILT_PRODUCTS_DIR; };
/* End PBXFileReference section */

/* Begin PBXFrameworksBuildPhase section */
		AAAB9F7C23637DC300267CF9 /* Frameworks */ = {
			isa = PBXFrameworksBuildPhase;
			buildActionMask = 2147483647;
			files = (
				E3299DE2995411414A7A2862 /* Pods_T0D0.framework in Frameworks */,
			);
			runOnlyForDeploymentPostprocessing = 0;
		};
/* End PBXFrameworksBuildPhase section */

/* Begin PBXGroup section */
		4142327534527A7E30E437F9 /* Frameworks */ = {
			isa = PBXGroup;
			children = (
				ED1B0848B3A1C4E9AE9B4035 /* Pods_T0D0.framework */,
			);
			name = Frameworks;
			sourceTree = "<group>";
		};
		AA779C0C23688DD400385193 /* Data Model */ = {
			isa = PBXGroup;
			children = (
				AAFB9E6C23650A460034CBF7 /* TodoModel.swift */,
				AAC3697323738CAB00A401DD /* Category.swift */,
				AAC3697523738CC000A401DD /* Todo.swift */,
			);
			path = "Data Model";
			sourceTree = "<group>";
		};
		AA779C0D23688E1900385193 /* Controllers */ = {
			isa = PBXGroup;
			children = (
				AA407836236927A20098D631 /* CategoryViewController.swift */,
				AAAB9F8623637DC300267CF9 /* TodoViewController.swift */,
			);
			path = Controllers;
			sourceTree = "<group>";
		};
		AA779C0E23688E3C00385193 /* Supporting Files */ = {
			isa = PBXGroup;
			children = (
				AAAB9F8B23637DC400267CF9 /* Assets.xcassets */,
			);
			path = "Supporting Files";
			sourceTree = "<group>";
		};
		AA779C0F23688E5500385193 /* Views */ = {
			isa = PBXGroup;
			children = (
				AAAB9F962363891C00267CF9 /* Main.storyboard */,
			);
			path = Views;
			sourceTree = "<group>";
		};
		AAAB9F7623637DC300267CF9 = {
			isa = PBXGroup;
			children = (
				AAAB9F8123637DC300267CF9 /* T0D0 */,
				AAAB9F8023637DC300267CF9 /* Products */,
				DBA5A7D7C7A30B078BECB37C /* Pods */,
				4142327534527A7E30E437F9 /* Frameworks */,
			);
			sourceTree = "<group>";
		};
		AAAB9F8023637DC300267CF9 /* Products */ = {
			isa = PBXGroup;
			children = (
				AAAB9F7F23637DC300267CF9 /* T0D0.app */,
			);
			name = Products;
			sourceTree = "<group>";
		};
		AAAB9F8123637DC300267CF9 /* T0D0 */ = {
			isa = PBXGroup;
			children = (
				AAAB9F9023637DC400267CF9 /* Info.plist */,
				AAAB9F8223637DC300267CF9 /* AppDelegate.swift */,
				AAAB9F8423637DC300267CF9 /* SceneDelegate.swift */,
				AA779C0D23688E1900385193 /* Controllers */,
				AA779C0E23688E3C00385193 /* Supporting Files */,
				AA779C0F23688E5500385193 /* Views */,
				AA779C0C23688DD400385193 /* Data Model */,
			);
			path = T0D0;
			sourceTree = "<group>";
		};
		DBA5A7D7C7A30B078BECB37C /* Pods */ = {
			isa = PBXGroup;
			children = (
				63611EC0C0B3440E32C7ED75 /* Pods-T0D0.debug.xcconfig */,
				D0BB6F7A1B0ECE3E6E06244A /* Pods-T0D0.release.xcconfig */,
			);
			path = Pods;
			sourceTree = "<group>";
		};
/* End PBXGroup section */

/* Begin PBXNativeTarget section */
		AAAB9F7E23637DC300267CF9 /* T0D0 */ = {
			isa = PBXNativeTarget;
			buildConfigurationList = AAAB9F9323637DC400267CF9 /* Build configuration list for PBXNativeTarget "T0D0" */;
			buildPhases = (
				16EB33D7E9AF093B90794930 /* [CP] Check Pods Manifest.lock */,
				AAAB9F7B23637DC300267CF9 /* Sources */,
				AAAB9F7C23637DC300267CF9 /* Frameworks */,
				AAAB9F7D23637DC300267CF9 /* Resources */,
				F7A3C0ED2847C419E254BC55 /* [CP] Embed Pods Frameworks */,
			);
			buildRules = (
			);
			dependencies = (
			);
			name = T0D0;
			productName = T0D0;
			productReference = AAAB9F7F23637DC300267CF9 /* T0D0.app */;
			productType = "com.apple.product-type.application";
		};
/* End PBXNativeTarget section */

/* Begin PBXProject section */
		AAAB9F7723637DC300267CF9 /* Project object */ = {
			isa = PBXProject;
			attributes = {
				LastSwiftUpdateCheck = 1110;
				LastUpgradeCheck = 1110;
				ORGANIZATIONNAME = Eslam;
				TargetAttributes = {
					AAAB9F7E23637DC300267CF9 = {
						CreatedOnToolsVersion = 11.1;
					};
				};
			};
			buildConfigurationList = AAAB9F7A23637DC300267CF9 /* Build configuration list for PBXProject "T0D0" */;
			compatibilityVersion = "Xcode 9.3";
			developmentRegion = en;
			hasScannedForEncodings = 0;
			knownRegions = (
				en,
				Base,
			);
			mainGroup = AAAB9F7623637DC300267CF9;
			productRefGroup = AAAB9F8023637DC300267CF9 /* Products */;
			projectDirPath = "";
			projectRoot = "";
			targets = (
				AAAB9F7E23637DC300267CF9 /* T0D0 */,
			);
		};
/* End PBXProject section */

/* Begin PBXResourcesBuildPhase section */
		AAAB9F7D23637DC300267CF9 /* Resources */ = {
			isa = PBXResourcesBuildPhase;
			buildActionMask = 2147483647;
			files = (
				AAAB9F972363891C00267CF9 /* Main.storyboard in Resources */,
				AAAB9F8C23637DC400267CF9 /* Assets.xcassets in Resources */,
			);
			runOnlyForDeploymentPostprocessing = 0;
		};
/* End PBXResourcesBuildPhase section */

/* Begin PBXShellScriptBuildPhase section */
		16EB33D7E9AF093B90794930 /* [CP] Check Pods Manifest.lock */ = {
			isa = PBXShellScriptBuildPhase;
			buildActionMask = 2147483647;
			files = (
			);
			inputFileListPaths = (
			);
			inputPaths = (
				"${PODS_PODFILE_DIR_PATH}/Podfile.lock",
				"${PODS_ROOT}/Manifest.lock",
			);
			name = "[CP] Check Pods Manifest.lock";
			outputFileListPaths = (
			);
			outputPaths = (
				"$(DERIVED_FILE_DIR)/Pods-T0D0-checkManifestLockResult.txt",
			);
			runOnlyForDeploymentPostprocessing = 0;
			shellPath = /bin/sh;
			shellScript = "diff \"${PODS_PODFILE_DIR_PATH}/Podfile.lock\" \"${PODS_ROOT}/Manifest.lock\" > /dev/null\nif [ $? != 0 ] ; then\n    # print error to STDERR\n    echo \"error: The sandbox is not in sync with the Podfile.lock. Run 'pod install' or update your CocoaPods installation.\" >&2\n    exit 1\nfi\n# This output is used by Xcode 'outputs' to avoid re-running this script phase.\necho \"SUCCESS\" > \"${SCRIPT_OUTPUT_FILE_0}\"\n";
			showEnvVarsInLog = 0;
		};
		F7A3C0ED2847C419E254BC55 /* [CP] Embed Pods Frameworks */ = {
			isa = PBXShellScriptBuildPhase;
			buildActionMask = 2147483647;
			files = (
			);
			inputFileListPaths = (
				"${PODS_ROOT}/Target Support Files/Pods-T0D0/Pods-T0D0-frameworks-${CONFIGURATION}-input-files.xcfilelist",
			);
			name = "[CP] Embed Pods Frameworks";
			outputFileListPaths = (
				"${PODS_ROOT}/Target Support Files/Pods-T0D0/Pods-T0D0-frameworks-${CONFIGURATION}-output-files.xcfilelist",
			);
			runOnlyForDeploymentPostprocessing = 0;
			shellPath = /bin/sh;
			shellScript = "\"${PODS_ROOT}/Target Support Files/Pods-T0D0/Pods-T0D0-frameworks.sh\"\n";
			showEnvVarsInLog = 0;
		};
/* End PBXShellScriptBuildPhase section */

/* Begin PBXSourcesBuildPhase section */
		AAAB9F7B23637DC300267CF9 /* Sources */ = {
			isa = PBXSourcesBuildPhase;
			buildActionMask = 2147483647;
			files = (
				AAAB9F8723637DC300267CF9 /* TodoViewController.swift in Sources */,
				AA407837236927A20098D631 /* CategoryViewController.swift in Sources */,
				AAC3697623738CC000A401DD /* Todo.swift in Sources */,
				AAFB9E6D23650A460034CBF7 /* TodoModel.swift in Sources */,
				AAAB9F8323637DC300267CF9 /* AppDelegate.swift in Sources */,
				AAAB9F8523637DC300267CF9 /* SceneDelegate.swift in Sources */,
				AAC3697423738CAB00A401DD /* Category.swift in Sources */,
			);
			runOnlyForDeploymentPostprocessing = 0;
		};
/* End PBXSourcesBuildPhase section */

/* Begin XCBuildConfiguration section */
		AAAB9F9123637DC400267CF9 /* Debug */ = {
			isa = XCBuildConfiguration;
			buildSettings = {
				ALWAYS_SEARCH_USER_PATHS = NO;
				CLANG_ANALYZER_NONNULL = YES;
				CLANG_ANALYZER_NUMBER_OBJECT_CONVERSION = YES_AGGRESSIVE;
				CLANG_CXX_LANGUAGE_STANDARD = "gnu++14";
				CLANG_CXX_LIBRARY = "libc++";
				CLANG_ENABLE_MODULES = YES;
				CLANG_ENABLE_OBJC_ARC = YES;
				CLANG_ENABLE_OBJC_WEAK = YES;
				CLANG_WARN_BLOCK_CAPTURE_AUTORELEASING = YES;
				CLANG_WARN_BOOL_CONVERSION = YES;
				CLANG_WARN_COMMA = YES;
				CLANG_WARN_CONSTANT_CONVERSION = YES;
				CLANG_WARN_DEPRECATED_OBJC_IMPLEMENTATIONS = YES;
				CLANG_WARN_DIRECT_OBJC_ISA_USAGE = YES_ERROR;
				CLANG_WARN_DOCUMENTATION_COMMENTS = YES;
				CLANG_WARN_EMPTY_BODY = YES;
				CLANG_WARN_ENUM_CONVERSION = YES;
				CLANG_WARN_INFINITE_RECURSION = YES;
				CLANG_WARN_INT_CONVERSION = YES;
				CLANG_WARN_NON_LITERAL_NULL_CONVERSION = YES;
				CLANG_WARN_OBJC_IMPLICIT_RETAIN_SELF = YES;
				CLANG_WARN_OBJC_LITERAL_CONVERSION = YES;
				CLANG_WARN_OBJC_ROOT_CLASS = YES_ERROR;
				CLANG_WARN_RANGE_LOOP_ANALYSIS = YES;
				CLANG_WARN_STRICT_PROTOTYPES = YES;
				CLANG_WARN_SUSPICIOUS_MOVE = YES;
				CLANG_WARN_UNGUARDED_AVAILABILITY = YES_AGGRESSIVE;
				CLANG_WARN_UNREACHABLE_CODE = YES;
				CLANG_WARN__DUPLICATE_METHOD_MATCH = YES;
				COPY_PHASE_STRIP = NO;
				DEBUG_INFORMATION_FORMAT = dwarf;
				ENABLE_STRICT_OBJC_MSGSEND = YES;
				ENABLE_TESTABILITY = YES;
				GCC_C_LANGUAGE_STANDARD = gnu11;
				GCC_DYNAMIC_NO_PIC = NO;
				GCC_NO_COMMON_BLOCKS = YES;
				GCC_OPTIMIZATION_LEVEL = 0;
				GCC_PREPROCESSOR_DEFINITIONS = (
					"DEBUG=1",
					"$(inherited)",
				);
				GCC_WARN_64_TO_32_BIT_CONVERSION = YES;
				GCC_WARN_ABOUT_RETURN_TYPE = YES_ERROR;
				GCC_WARN_UNDECLARED_SELECTOR = YES;
				GCC_WARN_UNINITIALIZED_AUTOS = YES_AGGRESSIVE;
				GCC_WARN_UNUSED_FUNCTION = YES;
				GCC_WARN_UNUSED_VARIABLE = YES;
				IPHONEOS_DEPLOYMENT_TARGET = 13.1;
				MTL_ENABLE_DEBUG_INFO = INCLUDE_SOURCE;
				MTL_FAST_MATH = YES;
				ONLY_ACTIVE_ARCH = YES;
				SDKROOT = iphoneos;
				SWIFT_ACTIVE_COMPILATION_CONDITIONS = DEBUG;
				SWIFT_OPTIMIZATION_LEVEL = "-Onone";
			};
			name = Debug;
		};
		AAAB9F9223637DC400267CF9 /* Release */ = {
			isa = XCBuildConfiguration;
			buildSettings = {
				ALWAYS_SEARCH_USER_PATHS = NO;
				CLANG_ANALYZER_NONNULL = YES;
				CLANG_ANALYZER_NUMBER_OBJECT_CONVERSION = YES_AGGRESSIVE;
				CLANG_CXX_LANGUAGE_STANDARD = "gnu++14";
				CLANG_CXX_LIBRARY = "libc++";
				CLANG_ENABLE_MODULES = YES;
				CLANG_ENABLE_OBJC_ARC = YES;
				CLANG_ENABLE_OBJC_WEAK = YES;
				CLANG_WARN_BLOCK_CAPTURE_AUTORELEASING = YES;
				CLANG_WARN_BOOL_CONVERSION = YES;
				CLANG_WARN_COMMA = YES;
				CLANG_WARN_CONSTANT_CONVERSION = YES;
				CLANG_WARN_DEPRECATED_OBJC_IMPLEMENTATIONS = YES;
				CLANG_WARN_DIRECT_OBJC_ISA_USAGE = YES_ERROR;
				CLANG_WARN_DOCUMENTATION_COMMENTS = YES;
				CLANG_WARN_EMPTY_BODY = YES;
				CLANG_WARN_ENUM_CONVERSION = YES;
				CLANG_WARN_INFINITE_RECURSION = YES;
				CLANG_WARN_INT_CONVERSION = YES;
				CLANG_WARN_NON_LITERAL_NULL_CONVERSION = YES;
				CLANG_WARN_OBJC_IMPLICIT_RETAIN_SELF = YES;
				CLANG_WARN_OBJC_LITERAL_CONVERSION = YES;
				CLANG_WARN_OBJC_ROOT_CLASS = YES_ERROR;
				CLANG_WARN_RANGE_LOOP_ANALYSIS = YES;
				CLANG_WARN_STRICT_PROTOTYPES = YES;
				CLANG_WARN_SUSPICIOUS_MOVE = YES;
				CLANG_WARN_UNGUARDED_AVAILABILITY = YES_AGGRESSIVE;
				CLANG_WARN_UNREACHABLE_CODE = YES;
				CLANG_WARN__DUPLICATE_METHOD_MATCH = YES;
				COPY_PHASE_STRIP = NO;
				DEBUG_INFORMATION_FORMAT = "dwarf-with-dsym";
				ENABLE_NS_ASSERTIONS = NO;
				ENABLE_STRICT_OBJC_MSGSEND = YES;
				GCC_C_LANGUAGE_STANDARD = gnu11;
				GCC_NO_COMMON_BLOCKS = YES;
				GCC_WARN_64_TO_32_BIT_CONVERSION = YES;
				GCC_WARN_ABOUT_RETURN_TYPE = YES_ERROR;
				GCC_WARN_UNDECLARED_SELECTOR = YES;
				GCC_WARN_UNINITIALIZED_AUTOS = YES_AGGRESSIVE;
				GCC_WARN_UNUSED_FUNCTION = YES;
				GCC_WARN_UNUSED_VARIABLE = YES;
				IPHONEOS_DEPLOYMENT_TARGET = 13.1;
				MTL_ENABLE_DEBUG_INFO = NO;
				MTL_FAST_MATH = YES;
				SDKROOT = iphoneos;
				SWIFT_COMPILATION_MODE = wholemodule;
				SWIFT_OPTIMIZATION_LEVEL = "-O";
				VALIDATE_PRODUCT = YES;
			};
			name = Release;
		};
		AAAB9F9423637DC400267CF9 /* Debug */ = {
			isa = XCBuildConfiguration;
			baseConfigurationReference = 63611EC0C0B3440E32C7ED75 /* Pods-T0D0.debug.xcconfig */;
			buildSettings = {
				ASSETCATALOG_COMPILER_APPICON_NAME = AppIcon;
				CODE_SIGN_STYLE = Automatic;
				DEVELOPMENT_TEAM = 874WHJ22Z3;
				INFOPLIST_FILE = T0D0/Info.plist;
				LD_RUNPATH_SEARCH_PATHS = (
					"$(inherited)",
					"@executable_path/Frameworks",
				);
				PRODUCT_BUNDLE_IDENTIFIER = lomaboc.com.T0D0;
				PRODUCT_NAME = "$(TARGET_NAME)";
				SWIFT_VERSION = 5.0;
				TARGETED_DEVICE_FAMILY = 1;
			};
			name = Debug;
		};
		AAAB9F9523637DC400267CF9 /* Release */ = {
			isa = XCBuildConfiguration;
			baseConfigurationReference = D0BB6F7A1B0ECE3E6E06244A /* Pods-T0D0.release.xcconfig */;
			buildSettings = {
				ASSETCATALOG_COMPILER_APPICON_NAME = AppIcon;
				CODE_SIGN_STYLE = Automatic;
				DEVELOPMENT_TEAM = 874WHJ22Z3;
				INFOPLIST_FILE = T0D0/Info.plist;
				LD_RUNPATH_SEARCH_PATHS = (
					"$(inherited)",
					"@executable_path/Frameworks",
				);
				PRODUCT_BUNDLE_IDENTIFIER = lomaboc.com.T0D0;
				PRODUCT_NAME = "$(TARGET_NAME)";
				SWIFT_VERSION = 5.0;
				TARGETED_DEVICE_FAMILY = 1;
			};
			name = Release;
		};
/* End XCBuildConfiguration section */

/* Begin XCConfigurationList section */
		AAAB9F7A23637DC300267CF9 /* Build configuration list for PBXProject "T0D0" */ = {
			isa = XCConfigurationList;
			buildConfigurations = (
				AAAB9F9123637DC400267CF9 /* Debug */,
				AAAB9F9223637DC400267CF9 /* Release */,
			);
			defaultConfigurationIsVisible = 0;
			defaultConfigurationName = Release;
		};
		AAAB9F9323637DC400267CF9 /* Build configuration list for PBXNativeTarget "T0D0" */ = {
			isa = XCConfigurationList;
			buildConfigurations = (
				AAAB9F9423637DC400267CF9 /* Debug */,
				AAAB9F9523637DC400267CF9 /* Release */,
			);
			defaultConfigurationIsVisible = 0;
			defaultConfigurationName = Release;
		};
/* End XCConfigurationList section */
	};
	rootObject = AAAB9F7723637DC300267CF9 /* Project object */;
}
